
Microsoft Visual Studio Solution File, Format Version 12.00
# Visual Studio Version 17
VisualStudioVersion = 17.9.34723.18
MinimumVisualStudioVersion = 10.0.40219.1
Project("{FAE04EC0-301F-11D3-BF4B-00C04F79EFBC}") = "GraduationProject", "GraduationProject\GraduationProject.csproj", "{B93E9FE6-D132-48D2-B6E2-CEEDECB22F2C}"
EndProject
Global
	GlobalSection(SolutionConfigurationPlatforms) = preSolution
		Debug|Any CPU = Debug|Any CPU
		Release|Any CPU = Release|Any CPU
	EndGlobalSection
	GlobalSection(ProjectConfigurationPlatforms) = postSolution
		{B93E9FE6-D132-48D2-B6E2-CEEDECB22F2C}.Debug|Any CPU.ActiveCfg = Debug|Any CPU
		{B93E9FE6-D132-48D2-B6E2-CEEDECB22F2C}.Debug|Any CPU.Build.0 = Debug|Any CPU
		{B93E9FE6-D132-48D2-B6E2-CEEDECB22F2C}.Release|Any CPU.ActiveCfg = Release|Any CPU
		{B93E9FE6-D132-48D2-B6E2-CEEDECB22F2C}.Release|Any CPU.Build.0 = Release|Any CPU
	EndGlobalSection
	GlobalSection(SolutionProperties) = preSolution
		HideSolutionNode = FALSE
	EndGlobalSection
	GlobalSection(ExtensibilityGlobals) = postSolution
		SolutionGuid = {A77FE0F6-93D0-48FA-A2B3-1A64F2DEEFF8}
	EndGlobalSection
EndGlobal
